
Microsoft Visual Studio Solution File, Format Version 12.00
# Visual Studio Version 16
VisualStudioVersion = 16.0.32413.511
MinimumVisualStudioVersion = 10.0.40219.1
Project("{FAE04EC0-301F-11D3-BF4B-00C04F79EFBC}") = "Decorador", "Decorador\Decorador.csproj", "{3A8147C5-3E94-491E-9476-07230AA75FEC}"
EndProject
Global
	GlobalSection(SolutionConfigurationPlatforms) = preSolution
		Debug|Any CPU = Debug|Any CPU
		Release|Any CPU = Release|Any CPU
	EndGlobalSection
	GlobalSection(ProjectConfigurationPlatforms) = postSolution
		{3A8147C5-3E94-491E-9476-07230AA75FEC}.Debug|Any CPU.ActiveCfg = Debug|Any CPU
		{3A8147C5-3E94-491E-9476-07230AA75FEC}.Debug|Any CPU.Build.0 = Debug|Any CPU
		{3A8147C5-3E94-491E-9476-07230AA75FEC}.Release|Any CPU.ActiveCfg = Release|Any CPU
		{3A8147C5-3E94-491E-9476-07230AA75FEC}.Release|Any CPU.Build.0 = Release|Any CPU
	EndGlobalSection
	GlobalSection(SolutionProperties) = preSolution
		HideSolutionNode = FALSE
	EndGlobalSection
	GlobalSection(ExtensibilityGlobals) = postSolution
		SolutionGuid = {2D086E34-A28A-41C5-9487-B56F4AF72B7F}
	EndGlobalSection
EndGlobal
